<?xml version="1.0" encoding="utf-8"?>
<Project ToolsVersion="4.0" xmlns="http://schemas.microsoft.com/developer/msbuild/2003">
  <ItemGroup>
    <Filter Include="Source Files">
      <UniqueIdentifier>{4FC737F1-C7A5-4376-A066-2A32D752A2FF}</UniqueIdentifier>
      <Extensions>cpp;c;cc;cxx;def;odl;idl;hpj;bat;asm;asmx</Extensions>
    </Filter>
    <Filter Include="Header Files">
      <UniqueIdentifier>{93995380-89BD-4b04-88EB-625FBE52EBFB}</UniqueIdentifier>
      <Extensions>h;hpp;hxx;hm;inl;inc;xsd</Extensions>
    </Filter>
  </ItemGroup>
  <ItemGroup>
    <ClCompile Include="CAVIFile.cpp">
      <Filter>Source Files</Filter>
    </ClCompile>
    <ClCompile Include="CFileDirDlg.cpp">
      <Filter>Source Files</Filter>
    </ClCompile>
    <ClCompile Include="CHookJump.cpp">
      <Filter>Source Files</Filter>
    </ClCompile>
    <ClCompile Include="CImageGDIP.cpp">
      <Filter>Source Files</Filter>
    </ClCompile>
    <ClCompile Include="CIniObject.cpp">
      <Filter>Source Files</Filter>
    </ClCompile>
    <ClCompile Include="CLogBase.cpp">
      <Filter>Source Files</Filter>
    </ClCompile>
    <ClCompile Include="Common.cpp">
      <Filter>Source Files</Filter>
    </ClCompile>
    <ClCompile Include="CWaveACM.cpp">
      <Filter>Source Files</Filter>
    </ClCompile>
    <ClCompile Include="CWaveDevice.cpp">
      <Filter>Source Files</Filter>
    </ClCompile>
    <ClCompile Include="CWaveFormat.cpp">
      <Filter>Source Files</Filter>
    </ClCompile>
    <ClCompile Include="CWndToolTip.cpp">
      <Filter>Source Files</Filter>
    </ClCompile>
    <ClCompile Include="stdafx.cpp">
      <Filter>Source Files</Filter>
    </ClCompile>
    <ClCompile Include="TaksiCommon.cpp">
      <Filter>Source Files</Filter>
    </ClCompile>
  </ItemGroup>
  <ItemGroup>
    <None Include="CImageGDIPFunc.tbl">
      <Filter>Source Files</Filter>
    </None>
    <None Include="CVideoCodecs.tbl">
      <Filter>Source Files</Filter>
    </None>
    <None Include="CWaveACMFunc.tbl">
      <Filter>Source Files</Filter>
    </None>
    <None Include="ReadMe.txt" />
  </ItemGroup>
  <ItemGroup>
    <ClInclude Include="CAVIFile.h">
      <Filter>Header Files</Filter>
    </ClInclude>
    <ClInclude Include="CDll.h">
      <Filter>Header Files</Filter>
    </ClInclude>
    <ClInclude Include="CFileDirDlg.h">
      <Filter>Header Files</Filter>
    </ClInclude>
    <ClInclude Include="CHeapBlock.h">
      <Filter>Header Files</Filter>
    </ClInclude>
    <ClInclude Include="CHookJump.h">
      <Filter>Header Files</Filter>
    </ClInclude>
    <ClInclude Include="CImageGDIP.h">
      <Filter>Header Files</Filter>
    </ClInclude>
    <ClInclude Include="CIniObject.h">
      <Filter>Header Files</Filter>
    </ClInclude>
    <ClInclude Include="CLogBase.h">
      <Filter>Header Files</Filter>
    </ClInclude>
    <ClInclude Include="CNTHandle.h">
      <Filter>Header Files</Filter>
    </ClInclude>
    <ClInclude Include="Common.h">
      <Filter>Header Files</Filter>
    </ClInclude>
    <ClInclude Include="CRefPtr.h">
      <Filter>Header Files</Filter>
    </ClInclude>
    <ClInclude Include="CSingleton.h">
      <Filter>Header Files</Filter>
    </ClInclude>
    <ClInclude Include="CThreadLockedLong.h">
      <Filter>Header Files</Filter>
    </ClInclude>
    <ClInclude Include="CWaveACM.h">
      <Filter>Header Files</Filter>
    </ClInclude>
    <ClInclude Include="CWaveDevice.h">
      <Filter>Header Files</Filter>
    </ClInclude>
    <ClInclude Include="CWaveFormat.h">
      <Filter>Header Files</Filter>
    </ClInclude>
    <ClInclude Include="CWindow.h">
      <Filter>Header Files</Filter>
    </ClInclude>
    <ClInclude Include="CWndGDI.h">
      <Filter>Header Files</Filter>
    </ClInclude>
    <ClInclude Include="CWndToolTip.h">
      <Filter>Header Files</Filter>
    </ClInclude>
    <ClInclude Include="glext.h">
      <Filter>Header Files</Filter>
    </ClInclude>
    <ClInclude Include="IRefPtr.h">
      <Filter>Header Files</Filter>
    </ClInclude>
    <ClInclude Include="stdafx.h">
      <Filter>Header Files</Filter>
    </ClInclude>
    <ClInclude Include="TaksiCommon.h">
      <Filter>Header Files</Filter>
    </ClInclude>
  </ItemGroup>
</Project>